
Microsoft Visual Studio Solution File, Format Version 12.00
# Visual Studio Version 16
VisualStudioVersion = 16.0.30011.22
MinimumVisualStudioVersion = 10.0.40219.1
Project("{FAE04EC0-301F-11D3-BF4B-00C04F79EFBC}") = "16MAYO2020", "16MAYO2020\16MAYO2020.csproj", "{4700EF20-0091-489F-AABD-2E029250FE42}"
EndProject
Global
	GlobalSection(SolutionConfigurationPlatforms) = preSolution
		Debug|Any CPU = Debug|Any CPU
		Release|Any CPU = Release|Any CPU
	EndGlobalSection
	GlobalSection(ProjectConfigurationPlatforms) = postSolution
		{4700EF20-0091-489F-AABD-2E029250FE42}.Debug|Any CPU.ActiveCfg = Debug|Any CPU
		{4700EF20-0091-489F-AABD-2E029250FE42}.Debug|Any CPU.Build.0 = Debug|Any CPU
		{4700EF20-0091-489F-AABD-2E029250FE42}.Release|Any CPU.ActiveCfg = Release|Any CPU
		{4700EF20-0091-489F-AABD-2E029250FE42}.Release|Any CPU.Build.0 = Release|Any CPU
	EndGlobalSection
	GlobalSection(SolutionProperties) = preSolution
		HideSolutionNode = FALSE
	EndGlobalSection
	GlobalSection(ExtensibilityGlobals) = postSolution
		SolutionGuid = {7C84E733-0A7A-4C14-88E8-1C43638586DA}
	EndGlobalSection
EndGlobal
